// !$*UTF8*$!
{
	archiveVersion = 1;
	classes = {
	};
	objectVersion = 46;
	objects = {

/* Begin PBXBuildFile section */
		1D8BE0551DA6AE9E001EA9FC /* AppDelegate.swift in Sources */ = {isa = PBXBuildFile; fileRef = 1D8BE0541DA6AE9E001EA9FC /* AppDelegate.swift */; };
		1D8BE0571DA6AE9E001EA9FC /* ViewController.swift in Sources */ = {isa = PBXBuildFile; fileRef = 1D8BE0561DA6AE9E001EA9FC /* ViewController.swift */; };
		1D8BE05A1DA6AE9E001EA9FC /* Main.storyboard in Resources */ = {isa = PBXBuildFile; fileRef = 1D8BE0581DA6AE9E001EA9FC /* Main.storyboard */; };
		1D8BE05C1DA6AE9E001EA9FC /* Assets.xcassets in Resources */ = {isa = PBXBuildFile; fileRef = 1D8BE05B1DA6AE9E001EA9FC /* Assets.xcassets */; };
		1D8BE05F1DA6AE9E001EA9FC /* LaunchScreen.storyboard in Resources */ = {isa = PBXBuildFile; fileRef = 1D8BE05D1DA6AE9E001EA9FC /* LaunchScreen.storyboard */; };
/* End PBXBuildFile section */

/* Begin PBXFileReference section */
		1D8BE0511DA6AE9E001EA9FC /* devslopes-showcase.app */ = {isa = PBXFileReference; explicitFileType = wrapper.application; includeInIndex = 0; path = "devslopes-showcase.app"; sourceTree = BUILT_PRODUCTS_DIR; };
		1D8BE0541DA6AE9E001EA9FC /* AppDelegate.swift */ = {isa = PBXFileReference; lastKnownFileType = sourcecode.swift; path = AppDelegate.swift; sourceTree = "<group>"; };
		1D8BE0561DA6AE9E001EA9FC /* ViewController.swift */ = {isa = PBXFileReference; lastKnownFileType = sourcecode.swift; path = ViewController.swift; sourceTree = "<group>"; };
		1D8BE0591DA6AE9E001EA9FC /* Base */ = {isa = PBXFileReference; lastKnownFileType = file.storyboard; name = Base; path = Base.lproj/Main.storyboard; sourceTree = "<group>"; };
		1D8BE05B1DA6AE9E001EA9FC /* Assets.xcassets */ = {isa = PBXFileReference; lastKnownFileType = folder.assetcatalog; path = Assets.xcassets; sourceTree = "<group>"; };
		1D8BE05E1DA6AE9E001EA9FC /* Base */ = {isa = PBXFileReference; lastKnownFileType = file.storyboard; name = Base; path = Base.lproj/LaunchScreen.storyboard; sourceTree = "<group>"; };
		1D8BE0601DA6AE9E001EA9FC /* Info.plist */ = {isa = PBXFileReference; lastKnownFileType = text.plist.xml; path = Info.plist; sourceTree = "<group>"; };
/* End PBXFileReference section */

/* Begin PBXFrameworksBuildPhase section */
		1D8BE04E1DA6AE9E001EA9FC /* Frameworks */ = {
			isa = PBXFrameworksBuildPhase;
			buildActionMask = 2147483647;
			files = (
			);
			runOnlyForDeploymentPostprocessing = 0;
		};
/* End PBXFrameworksBuildPhase section */

/* Begin PBXGroup section */
		1D8BE0481DA6AE9E001EA9FC = {
			isa = PBXGroup;
			children = (
				1D8BE0531DA6AE9E001EA9FC /* devslopes-showcase */,
				1D8BE0521DA6AE9E001EA9FC /* Products */,
			);
			sourceTree = "<group>";
		};
		1D8BE0521DA6AE9E001EA9FC /* Products */ = {
			isa = PBXGroup;
			children = (
				1D8BE0511DA6AE9E001EA9FC /* devslopes-showcase.app */,
			);
			name = Products;
			sourceTree = "<group>";
		};
		1D8BE0531DA6AE9E001EA9FC /* devslopes-showcase */ = {
			isa = PBXGroup;
			children = (
				1D8BE0541DA6AE9E001EA9FC /* AppDelegate.swift */,
				1D8BE0561DA6AE9E001EA9FC /* ViewController.swift */,
				1D8BE0581DA6AE9E001EA9FC /* Main.storyboard */,
				1D8BE05B1DA6AE9E001EA9FC /* Assets.xcassets */,
				1D8BE05D1DA6AE9E001EA9FC /* LaunchScreen.storyboard */,
				1D8BE0601DA6AE9E001EA9FC /* Info.plist */,
			);
			path = "devslopes-showcase";
			sourceTree = "<group>";
		};
/* End PBXGroup section */

/* Begin PBXNativeTarget section */
		1D8BE0501DA6AE9E001EA9FC /* devslopes-showcase */ = {
			isa = PBXNativeTarget;
			buildConfigurationList = 1D8BE0631DA6AE9E001EA9FC /* Build configuration list for PBXNativeTarget "devslopes-showcase" */;
			buildPhases = (
				1D8BE04D1DA6AE9E001EA9FC /* Sources */,
				1D8BE04E1DA6AE9E001EA9FC /* Frameworks */,
				1D8BE04F1DA6AE9E001EA9FC /* Resources */,
			);
			buildRules = (
			);
			dependencies = (
			);
			name = "devslopes-showcase";
			productName = "devslopes-showcase";
			productReference = 1D8BE0511DA6AE9E001EA9FC /* devslopes-showcase.app */;
			productType = "com.apple.product-type.application";
		};
/* End PBXNativeTarget section */

/* Begin PBXProject section */
		1D8BE0491DA6AE9E001EA9FC /* Project object */ = {
			isa = PBXProject;
			attributes = {
				LastSwiftUpdateCheck = 0730;
				LastUpgradeCheck = 0730;
				ORGANIZATIONNAME = "Tobias Gozzi";
				TargetAttributes = {
					1D8BE0501DA6AE9E001EA9FC = {
						CreatedOnToolsVersion = 7.3.1;
					};
				};
			};
			buildConfigurationList = 1D8BE04C1DA6AE9E001EA9FC /* Build configuration list for PBXProject "devslopes-showcase" */;
			compatibilityVersion = "Xcode 3.2";
			developmentRegion = English;
			hasScannedForEncodings = 0;
			knownRegions = (
				en,
				Base,
			);
			mainGroup = 1D8BE0481DA6AE9E001EA9FC;
			productRefGroup = 1D8BE0521DA6AE9E001EA9FC /* Products */;
			projectDirPath = "";
			projectRoot = "";
			targets = (
				1D8BE0501DA6AE9E001EA9FC /* devslopes-showcase */,
			);
		};
/* End PBXProject section */

/* Begin PBXResourcesBuildPhase section */
		1D8BE04F1DA6AE9E001EA9FC /* Resources */ = {
			isa = PBXResourcesBuildPhase;
			buildActionMask = 2147483647;
			files = (
				1D8BE05F1DA6AE9E001EA9FC /* LaunchScreen.storyboard in Resources */,
				1D8BE05C1DA6AE9E001EA9FC /* Assets.xcassets in Resources */,
				1D8BE05A1DA6AE9E001EA9FC /* Main.storyboard in Resources */,
			);
			runOnlyForDeploymentPostprocessing = 0;
		};
/* End PBXResourcesBuildPhase section */

/* Begin PBXSourcesBuildPhase section */
		1D8BE04D1DA6AE9E001EA9FC /* Sources */ = {
			isa = PBXSourcesBuildPhase;
			buildActionMask = 2147483647;
			files = (
				1D8BE0571DA6AE9E001EA9FC /* ViewController.swift in Sources */,
				1D8BE0551DA6AE9E001EA9FC /* AppDelegate.swift in Sources */,
			);
			runOnlyForDeploymentPostprocessing = 0;
		};
/* End PBXSourcesBuildPhase section */

/* Begin PBXVariantGroup section */
		1D8BE0581DA6AE9E001EA9FC /* Main.storyboard */ = {
			isa = PBXVariantGroup;
			children = (
				1D8BE0591DA6AE9E001EA9FC /* Base */,
			);
			name = Main.storyboard;
			sourceTree = "<group>";
		};
		1D8BE05D1DA6AE9E001EA9FC /* LaunchScreen.storyboard */ = {
			isa = PBXVariantGroup;
			children = (
				1D8BE05E1DA6AE9E001EA9FC /* Base */,
			);
			name = LaunchScreen.storyboard;
			sourceTree = "<group>";
		};
/* End PBXVariantGroup section */

/* Begin XCBuildConfiguration section */
		1D8BE0611DA6AE9E001EA9FC /* Debug */ = {
			isa = XCBuildConfiguration;
			buildSettings = {
				ALWAYS_SEARCH_USER_PATHS = NO;
				CLANG_ANALYZER_NONNULL = YES;
				CLANG_CXX_LANGUAGE_STANDARD = "gnu++0x";
				CLANG_CXX_LIBRARY = "libc++";
				CLANG_ENABLE_MODULES = YES;
				CLANG_ENABLE_OBJC_ARC = YES;
				CLANG_WARN_BOOL_CONVERSION = YES;
				CLANG_WARN_CONSTANT_CONVERSION = YES;
				CLANG_WARN_DIRECT_OBJC_ISA_USAGE = YES_ERROR;
				CLANG_WARN_EMPTY_BODY = YES;
				CLANG_WARN_ENUM_CONVERSION = YES;
				CLANG_WARN_INT_CONVERSION = YES;
				CLANG_WARN_OBJC_ROOT_CLASS = YES_ERROR;
				CLANG_WARN_UNREACHABLE_CODE = YES;
				CLANG_WARN__DUPLICATE_METHOD_MATCH = YES;
				"CODE_SIGN_IDENTITY[sdk=iphoneos*]" = "iPhone Developer";
				COPY_PHASE_STRIP = NO;
				DEBUG_INFORMATION_FORMAT = dwarf;
				ENABLE_STRICT_OBJC_MSGSEND = YES;
				ENABLE_TESTABILITY = YES;
				GCC_C_LANGUAGE_STANDARD = gnu99;
				GCC_DYNAMIC_NO_PIC = NO;
				GCC_NO_COMMON_BLOCKS = YES;
				GCC_OPTIMIZATION_LEVEL = 0;
				GCC_PREPROCESSOR_DEFINITIONS = (
					"DEBUG=1",
					"$(inherited)",
				);
				GCC_WARN_64_TO_32_BIT_CONVERSION = YES;
				GCC_WARN_ABOUT_RETURN_TYPE = YES_ERROR;
				GCC_WARN_UNDECLARED_SELECTOR = YES;
				GCC_WARN_UNINITIALIZED_AUTOS = YES_AGGRESSIVE;
				GCC_WARN_UNUSED_FUNCTION = YES;
				GCC_WARN_UNUSED_VARIABLE = YES;
				IPHONEOS_DEPLOYMENT_TARGET = 9.3;
				MTL_ENABLE_DEBUG_INFO = YES;
				ONLY_ACTIVE_ARCH = YES;
				SDKROOT = iphoneos;
				SWIFT_OPTIMIZATION_LEVEL = "-Onone";
			};
			name = Debug;
		};
		1D8BE0621DA6AE9E001EA9FC /* Release */ = {
			isa = XCBuildConfiguration;
			buildSettings = {
				ALWAYS_SEARCH_USER_PATHS = NO;
				CLANG_ANALYZER_NONNULL = YES;
				CLANG_CXX_LANGUAGE_STANDARD = "gnu++0x";
				CLANG_CXX_LIBRARY = "libc++";
				CLANG_ENABLE_MODULES = YES;
				CLANG_ENABLE_OBJC_ARC = YES;
				CLANG_WARN_BOOL_CONVERSION = YES;
				CLANG_WARN_CONSTANT_CONVERSION = YES;
				CLANG_WARN_DIRECT_OBJC_ISA_USAGE = YES_ERROR;
				CLANG_WARN_EMPTY_BODY = YES;
				CLANG_WARN_ENUM_CONVERSION = YES;
				CLANG_WARN_INT_CONVERSION = YES;
				CLANG_WARN_OBJC_ROOT_CLASS = YES_ERROR;
				CLANG_WARN_UNREACHABLE_CODE = YES;
				CLANG_WARN__DUPLICATE_METHOD_MATCH = YES;
				"CODE_SIGN_IDENTITY[sdk=iphoneos*]" = "iPhone Developer";
				COPY_PHASE_STRIP = NO;
				DEBUG_INFORMATION_FORMAT = "dwarf-with-dsym";
				ENABLE_NS_ASSERTIONS = NO;
				ENABLE_STRICT_OBJC_MSGSEND = YES;
				GCC_C_LANGUAGE_STANDARD = gnu99;
				GCC_NO_COMMON_BLOCKS = YES;
				GCC_WARN_64_TO_32_BIT_CONVERSION = YES;
				GCC_WARN_ABOUT_RETURN_TYPE = YES_ERROR;
				GCC_WARN_UNDECLARED_SELECTOR = YES;
				GCC_WARN_UNINITIALIZED_AUTOS = YES_AGGRESSIVE;
				GCC_WARN_UNUSED_FUNCTION = YES;
				GCC_WARN_UNUSED_VARIABLE = YES;
				IPHONEOS_DEPLOYMENT_TARGET = 9.3;
				MTL_ENABLE_DEBUG_INFO = NO;
				SDKROOT = iphoneos;
				VALIDATE_PRODUCT = YES;
			};
			name = Release;
		};
		1D8BE0641DA6AE9E001EA9FC /* Debug */ = {
			isa = XCBuildConfiguration;
			buildSettings = {
				ASSETCATALOG_COMPILER_APPICON_NAME = AppIcon;
				INFOPLIST_FILE = "devslopes-showcase/Info.plist";
				LD_RUNPATH_SEARCH_PATHS = "$(inherited) @executable_path/Frameworks";
				PRODUCT_BUNDLE_IDENTIFIER = "com.tobiasgozzi.devslopes-showcase";
				PRODUCT_NAME = "$(TARGET_NAME)";
			};
			name = Debug;
		};
		1D8BE0651DA6AE9E001EA9FC /* Release */ = {
			isa = XCBuildConfiguration;
			buildSettings = {
				ASSETCATALOG_COMPILER_APPICON_NAME = AppIcon;
				INFOPLIST_FILE = "devslopes-showcase/Info.plist";
				LD_RUNPATH_SEARCH_PATHS = "$(inherited) @executable_path/Frameworks";
				PRODUCT_BUNDLE_IDENTIFIER = "com.tobiasgozzi.devslopes-showcase";
				PRODUCT_NAME = "$(TARGET_NAME)";
			};
			name = Release;
		};
/* End XCBuildConfiguration section */

/* Begin XCConfigurationList section */
		1D8BE04C1DA6AE9E001EA9FC /* Build configuration list for PBXProject "devslopes-showcase" */ = {
			isa = XCConfigurationList;
			buildConfigurations = (
				1D8BE0611DA6AE9E001EA9FC /* Debug */,
				1D8BE0621DA6AE9E001EA9FC /* Release */,
			);
			defaultConfigurationIsVisible = 0;
			defaultConfigurationName = Release;
		};
		1D8BE0631DA6AE9E001EA9FC /* Build configuration list for PBXNativeTarget "devslopes-showcase" */ = {
			isa = XCConfigurationList;
			buildConfigurations = (
				1D8BE0641DA6AE9E001EA9FC /* Debug */,
				1D8BE0651DA6AE9E001EA9FC /* Release */,
			);
			defaultConfigurationIsVisible = 0;
		};
/* End XCConfigurationList section */
	};
	rootObject = 1D8BE0491DA6AE9E001EA9FC /* Project object */;
}
